# This file is automatically @generated by Cargo.
# It is not intended for manual editing.
version = 3

[[package]]
name = "bt_pattern_02"
version = "0.1.1"

[[package]]
name = "core_prac0"
version = "0.1.0"

[[package]]
name = "ds_prac0"
version = "0.1.0"

[[package]]
name = "ptrn_prac0"
version = "0.1.0"

[[package]]
name = "sort_prac0"
version = "0.1.0"
